
Microsoft Visual Studio Solution File, Format Version 12.00
# Visual Studio 2013
VisualStudioVersion = 12.0.21005.1
MinimumVisualStudioVersion = 10.0.40219.1
<<<<<<< HEAD
Project("{FAE04EC0-301F-11D3-BF4B-00C04F79EFBC}") = "PaskalaRitenis", "PaskalaRitenis\PaskalaRitenis.csproj", "{42FED13E-1F15-49DB-80A4-7C18B980FDD5}"
=======
Project("{FAE04EC0-301F-11D3-BF4B-00C04F79EFBC}") = "PaskalaRitenis", "PaskalaRitenis\PaskalaRitenis.csproj", "{0DA1BFA9-1987-4D9E-939D-68E79CE11671}"
>>>>>>> d1012c88a4b9935531d59ab8b3a62083eb4cc039
EndProject
Global
	GlobalSection(SolutionConfigurationPlatforms) = preSolution
		Debug|Any CPU = Debug|Any CPU
		Release|Any CPU = Release|Any CPU
	EndGlobalSection
	GlobalSection(ProjectConfigurationPlatforms) = postSolution
<<<<<<< HEAD
		{42FED13E-1F15-49DB-80A4-7C18B980FDD5}.Debug|Any CPU.ActiveCfg = Debug|Any CPU
		{42FED13E-1F15-49DB-80A4-7C18B980FDD5}.Debug|Any CPU.Build.0 = Debug|Any CPU
		{42FED13E-1F15-49DB-80A4-7C18B980FDD5}.Release|Any CPU.ActiveCfg = Release|Any CPU
		{42FED13E-1F15-49DB-80A4-7C18B980FDD5}.Release|Any CPU.Build.0 = Release|Any CPU
=======
		{0DA1BFA9-1987-4D9E-939D-68E79CE11671}.Debug|Any CPU.ActiveCfg = Debug|Any CPU
		{0DA1BFA9-1987-4D9E-939D-68E79CE11671}.Debug|Any CPU.Build.0 = Debug|Any CPU
		{0DA1BFA9-1987-4D9E-939D-68E79CE11671}.Release|Any CPU.ActiveCfg = Release|Any CPU
		{0DA1BFA9-1987-4D9E-939D-68E79CE11671}.Release|Any CPU.Build.0 = Release|Any CPU
>>>>>>> d1012c88a4b9935531d59ab8b3a62083eb4cc039
	EndGlobalSection
	GlobalSection(SolutionProperties) = preSolution
		HideSolutionNode = FALSE
	EndGlobalSection
EndGlobal
